// !$*UTF8*$!
{
	archiveVersion = 1;
	classes = {
	};
	objectVersion = 48;
	objects = {

/* Begin PBXBuildFile section */
		5A0DF9DAC6F3B9B4254FAFB7 /* Pods_MovieDBTests.framework in Frameworks */ = {isa = PBXBuildFile; fileRef = C3D07F6AC7685259E955E4E7 /* Pods_MovieDBTests.framework */; };
		B70AD68720398BB600E99E1B /* URLSession+NetworkProviding.swift in Sources */ = {isa = PBXBuildFile; fileRef = B70AD68520398BB600E99E1B /* URLSession+NetworkProviding.swift */; };
		B70AD68820398BB600E99E1B /* URLSessionDataTask+NetworkOperationable.swift in Sources */ = {isa = PBXBuildFile; fileRef = B70AD68620398BB600E99E1B /* URLSessionDataTask+NetworkOperationable.swift */; };
		B70AD68E20398C7500E99E1B /* Search.storyboard in Resources */ = {isa = PBXBuildFile; fileRef = B70AD68D20398C7500E99E1B /* Search.storyboard */; };
		B70AD69220398E8800E99E1B /* SearchViewController.swift in Sources */ = {isa = PBXBuildFile; fileRef = B70AD69120398E8800E99E1B /* SearchViewController.swift */; };
		B70AD69420398EB800E99E1B /* SearchViewModel.swift in Sources */ = {isa = PBXBuildFile; fileRef = B70AD69320398EB800E99E1B /* SearchViewModel.swift */; };
		B70AD69620398EE600E99E1B /* SearchViewModeling.swift in Sources */ = {isa = PBXBuildFile; fileRef = B70AD69520398EE600E99E1B /* SearchViewModeling.swift */; };
		B70AD6982039919D00E99E1B /* MovieCell.xib in Resources */ = {isa = PBXBuildFile; fileRef = B70AD6972039919D00E99E1B /* MovieCell.xib */; };
		B70AD69B2039966E00E99E1B /* MovieCell.swift in Sources */ = {isa = PBXBuildFile; fileRef = B70AD69A2039966E00E99E1B /* MovieCell.swift */; };
		B70AD69D203996AF00E99E1B /* MovieViewModel.swift in Sources */ = {isa = PBXBuildFile; fileRef = B70AD69C203996AF00E99E1B /* MovieViewModel.swift */; };
		B70AD69F203996BA00E99E1B /* MovieViewModeling.swift in Sources */ = {isa = PBXBuildFile; fileRef = B70AD69E203996BA00E99E1B /* MovieViewModeling.swift */; };
		B70AD6A32039A04900E99E1B /* MovieCell+NibReusable .swift in Sources */ = {isa = PBXBuildFile; fileRef = B70AD6A22039A04900E99E1B /* MovieCell+NibReusable .swift */; };
		B70AD6A52039A07300E99E1B /* SearchViewController+UITableViewDataSource.swift in Sources */ = {isa = PBXBuildFile; fileRef = B70AD6A42039A07300E99E1B /* SearchViewController+UITableViewDataSource.swift */; };
		B70AD6A72039A09000E99E1B /* SearchViewController+UITableViewDataSourcePrefetching.swift in Sources */ = {isa = PBXBuildFile; fileRef = B70AD6A62039A09000E99E1B /* SearchViewController+UITableViewDataSourcePrefetching.swift */; };
		B70AD6A92039A4CC00E99E1B /* MovieViewModel+MovieViewModeling.swift in Sources */ = {isa = PBXBuildFile; fileRef = B70AD6A82039A4CC00E99E1B /* MovieViewModel+MovieViewModeling.swift */; };
		B70AD6AB2039AC7900E99E1B /* Searchable.swift in Sources */ = {isa = PBXBuildFile; fileRef = B70AD6AA2039AC7900E99E1B /* Searchable.swift */; };
		B70AD6AD2039ACEC00E99E1B /* SearchViewModel+Searchable.swift in Sources */ = {isa = PBXBuildFile; fileRef = B70AD6AC2039ACEC00E99E1B /* SearchViewModel+Searchable.swift */; };
		B70AD6AF2039AD1700E99E1B /* ItemModelState.swift in Sources */ = {isa = PBXBuildFile; fileRef = B70AD6AE2039AD1700E99E1B /* ItemModelState.swift */; };
		B7154B842038523200DACF64 /* RESTPaginatorResponse.swift in Sources */ = {isa = PBXBuildFile; fileRef = B7154B832038523200DACF64 /* RESTPaginatorResponse.swift */; };
		B7154B872038536200DACF64 /* RESTPaginatorResponsable.swift in Sources */ = {isa = PBXBuildFile; fileRef = B7154B862038536200DACF64 /* RESTPaginatorResponsable.swift */; };
		B7154B8A2038603500DACF64 /* RESTPaginatorNetworkRequest.swift in Sources */ = {isa = PBXBuildFile; fileRef = B7154B892038603500DACF64 /* RESTPaginatorNetworkRequest.swift */; };
		B7154B8D203868AF00DACF64 /* Decoderable.swift in Sources */ = {isa = PBXBuildFile; fileRef = B7154B8C203868AF00DACF64 /* Decoderable.swift */; };
		B7154B8F203868CE00DACF64 /* XMLDecoder.swift in Sources */ = {isa = PBXBuildFile; fileRef = B7154B8E203868CE00DACF64 /* XMLDecoder.swift */; };
		B7154B912038691900DACF64 /* JSONDecoder+Decoderable.swift in Sources */ = {isa = PBXBuildFile; fileRef = B7154B902038691900DACF64 /* JSONDecoder+Decoderable.swift */; };
		B7154B942038726800DACF64 /* RESTPaginatorResponse+Decodable.swift in Sources */ = {isa = PBXBuildFile; fileRef = B7154B932038726800DACF64 /* RESTPaginatorResponse+Decodable.swift */; };
		B7154B962038777800DACF64 /* RESTPaginatorResponseSpec.swift in Sources */ = {isa = PBXBuildFile; fileRef = B7154B952038777800DACF64 /* RESTPaginatorResponseSpec.swift */; };
		B7154B99203880A800DACF64 /* URL+NetworkRequesting.swift in Sources */ = {isa = PBXBuildFile; fileRef = B7154B98203880A700DACF64 /* URL+NetworkRequesting.swift */; };
		B7154B9B203890F000DACF64 /* RESTPaginatorNetworkRequestSpec.swift in Sources */ = {isa = PBXBuildFile; fileRef = B7154B9A203890F000DACF64 /* RESTPaginatorNetworkRequestSpec.swift */; };
		B7154B9D2038919E00DACF64 /* RESTPaginatorNetworkRequestable.swift in Sources */ = {isa = PBXBuildFile; fileRef = B7154B9C2038919E00DACF64 /* RESTPaginatorNetworkRequestable.swift */; };
		B71DB58920377074003608AC /* RESTPaginatorServicing.swift in Sources */ = {isa = PBXBuildFile; fileRef = B71DB58820377074003608AC /* RESTPaginatorServicing.swift */; };
		B71DB58B203770EF003608AC /* RESTPaginatorService.swift in Sources */ = {isa = PBXBuildFile; fileRef = B71DB58A203770EF003608AC /* RESTPaginatorService.swift */; };
		B71DB58D203772B0003608AC /* RESTPaginatorDelegate.swift in Sources */ = {isa = PBXBuildFile; fileRef = B71DB58C203772B0003608AC /* RESTPaginatorDelegate.swift */; };
		B71DB58F203776A3003608AC /* RESTPaginatorServiceConfiguration.swift in Sources */ = {isa = PBXBuildFile; fileRef = B71DB58E203776A3003608AC /* RESTPaginatorServiceConfiguration.swift */; };
		B71DB59320384F12003608AC /* RESTPaginatorError.swift in Sources */ = {isa = PBXBuildFile; fileRef = B71DB59220384F11003608AC /* RESTPaginatorError.swift */; };
		B71DB59520384F57003608AC /* RESTPaginatorItemLoadable.swift in Sources */ = {isa = PBXBuildFile; fileRef = B71DB59420384F57003608AC /* RESTPaginatorItemLoadable.swift */; };
		B7666C092038EEDC0002C06D /* RESTPaginatorLoaderSpec.swift in Sources */ = {isa = PBXBuildFile; fileRef = B7666C082038EEDC0002C06D /* RESTPaginatorLoaderSpec.swift */; };
		B791C4382039E50800AB62AA /* Date+CustomFormatters.swift in Sources */ = {isa = PBXBuildFile; fileRef = B791C4372039E50800AB62AA /* Date+CustomFormatters.swift */; };
		B79221F7203A1B3F0054681E /* SearchViewModel+RESTPaginatorErrorDelegate .swift in Sources */ = {isa = PBXBuildFile; fileRef = B79221F6203A1B3F0054681E /* SearchViewModel+RESTPaginatorErrorDelegate .swift */; };
		B79221F9203A1B9C0054681E /* SearchViewModel+RESTPaginatorDelegate.swift in Sources */ = {isa = PBXBuildFile; fileRef = B79221F8203A1B9C0054681E /* SearchViewModel+RESTPaginatorDelegate.swift */; };
		B79221FB203A1BCB0054681E /* SearchViewModel+SearchViewModeling.swift in Sources */ = {isa = PBXBuildFile; fileRef = B79221FA203A1BCB0054681E /* SearchViewModel+SearchViewModeling.swift */; };
		B79221FD203A1D400054681E /* SearchViewModel+SearchViewModelingDataSource.swift in Sources */ = {isa = PBXBuildFile; fileRef = B79221FC203A1D400054681E /* SearchViewModel+SearchViewModelingDataSource.swift */; };
		B79221FF203A22940054681E /* RESTPaginatorService+RESTPaginatorItemLoadable.swift in Sources */ = {isa = PBXBuildFile; fileRef = B79221FE203A22940054681E /* RESTPaginatorService+RESTPaginatorItemLoadable.swift */; };
		B7922201203A2BA00054681E /* SearchViewModelingDataSource.swift in Sources */ = {isa = PBXBuildFile; fileRef = B7922200203A2BA00054681E /* SearchViewModelingDataSource.swift */; };
		B7922203203A2F420054681E /* SearchViewController+UISearchBarDelegate.swift in Sources */ = {isa = PBXBuildFile; fileRef = B7922202203A2F420054681E /* SearchViewController+UISearchBarDelegate.swift */; };
		B7922206203A30AF0054681E /* ImageDownloadServicing.swift in Sources */ = {isa = PBXBuildFile; fileRef = B7922205203A30AF0054681E /* ImageDownloadServicing.swift */; };
		B7922208203A30CF0054681E /* ImageDownloadService.swift in Sources */ = {isa = PBXBuildFile; fileRef = B7922207203A30CF0054681E /* ImageDownloadService.swift */; };
		B792220A203A36BF0054681E /* SearchViewController+UITableViewDelegate.swift in Sources */ = {isa = PBXBuildFile; fileRef = B7922209203A36BF0054681E /* SearchViewController+UITableViewDelegate.swift */; };
		B792220D203B38AB0054681E /* ApiProviderable.swift in Sources */ = {isa = PBXBuildFile; fileRef = B792220C203B38AB0054681E /* ApiProviderable.swift */; };
		B792220F203B38CB0054681E /* ApiProvider.swift in Sources */ = {isa = PBXBuildFile; fileRef = B792220E203B38CB0054681E /* ApiProvider.swift */; };
		B7922211203B39180054681E /* ApiVersion.swift in Sources */ = {isa = PBXBuildFile; fileRef = B7922210203B39180054681E /* ApiVersion.swift */; };
		B7922213203B396D0054681E /* ApiProviderSpec.swift in Sources */ = {isa = PBXBuildFile; fileRef = B7922212203B396D0054681E /* ApiProviderSpec.swift */; };
		B7922215203B42610054681E /* ImageSize.swift in Sources */ = {isa = PBXBuildFile; fileRef = B7922214203B42610054681E /* ImageSize.swift */; };
		B7922217203B47FF0054681E /* ApiPath.swift in Sources */ = {isa = PBXBuildFile; fileRef = B7922216203B47FF0054681E /* ApiPath.swift */; };
		B7C24A732038F84400B52C6D /* Array+RESTPaginatorNetworkRequestable.swift in Sources */ = {isa = PBXBuildFile; fileRef = B7C24A722038F84400B52C6D /* Array+RESTPaginatorNetworkRequestable.swift */; };
		B7C24A762039763C00B52C6D /* MockedNetworkProvider.swift in Sources */ = {isa = PBXBuildFile; fileRef = B7C24A752039763C00B52C6D /* MockedNetworkProvider.swift */; };
		B7C24A782039886E00B52C6D /* RESTPaginatorErrorDelegate.swift in Sources */ = {isa = PBXBuildFile; fileRef = B7C24A772039886E00B52C6D /* RESTPaginatorErrorDelegate.swift */; };
		B7C81CE12038D09A0012BF84 /* RESTPaginatorLoaderable.swift in Sources */ = {isa = PBXBuildFile; fileRef = B7C81CE02038D09A0012BF84 /* RESTPaginatorLoaderable.swift */; };
		B7C81CE32038D0BE0012BF84 /* RESTPaginatorLoader.swift in Sources */ = {isa = PBXBuildFile; fileRef = B7C81CE22038D0BE0012BF84 /* RESTPaginatorLoader.swift */; };
		B7C81CE62038D5170012BF84 /* RESTPaginatorLoaderError.swift in Sources */ = {isa = PBXBuildFile; fileRef = B7C81CE52038D5170012BF84 /* RESTPaginatorLoaderError.swift */; };
		B7C81CEB2038E33F0012BF84 /* RESTPaginatorLoader+RESTPaginatorLoaderable.swift in Sources */ = {isa = PBXBuildFile; fileRef = B7C81CEA2038E33F0012BF84 /* RESTPaginatorLoader+RESTPaginatorLoaderable.swift */; };
		B7C81CED2038E4960012BF84 /* README.md in Resources */ = {isa = PBXBuildFile; fileRef = B7C81CEC2038E4950012BF84 /* README.md */; };
		B7C9195A2034B24E00111DBE /* AppDelegate.swift in Sources */ = {isa = PBXBuildFile; fileRef = B7C919592034B24E00111DBE /* AppDelegate.swift */; };
		B7C9195C2034B24E00111DBE /* ViewController.swift in Sources */ = {isa = PBXBuildFile; fileRef = B7C9195B2034B24E00111DBE /* ViewController.swift */; };
		B7C9195F2034B24E00111DBE /* Main.storyboard in Resources */ = {isa = PBXBuildFile; fileRef = B7C9195D2034B24E00111DBE /* Main.storyboard */; };
		B7C919612034B24E00111DBE /* Assets.xcassets in Resources */ = {isa = PBXBuildFile; fileRef = B7C919602034B24E00111DBE /* Assets.xcassets */; };
		B7C919642034B24E00111DBE /* LaunchScreen.storyboard in Resources */ = {isa = PBXBuildFile; fileRef = B7C919622034B24E00111DBE /* LaunchScreen.storyboard */; };
		B7C9196F2034B24E00111DBE /* MovieDBTests.swift in Sources */ = {isa = PBXBuildFile; fileRef = B7C9196E2034B24E00111DBE /* MovieDBTests.swift */; };
		B7C9198A2034BC4F00111DBE /* NetworkService.swift in Sources */ = {isa = PBXBuildFile; fileRef = B7C919892034BC4F00111DBE /* NetworkService.swift */; };
		B7C9198C2034BC6900111DBE /* NetworkServicing.swift in Sources */ = {isa = PBXBuildFile; fileRef = B7C9198B2034BC6900111DBE /* NetworkServicing.swift */; };
		B7C9198E2034BC9B00111DBE /* NetworkRequesting.swift in Sources */ = {isa = PBXBuildFile; fileRef = B7C9198D2034BC9B00111DBE /* NetworkRequesting.swift */; };
		B7C919932034BD0C00111DBE /* Results.swift in Sources */ = {isa = PBXBuildFile; fileRef = B7C919922034BD0C00111DBE /* Results.swift */; };
		B7C919962034BE3A00111DBE /* NetworkServiceError.swift in Sources */ = {isa = PBXBuildFile; fileRef = B7C919952034BE3A00111DBE /* NetworkServiceError.swift */; };
		B7C919982034BEFF00111DBE /* NetworkProviding.swift in Sources */ = {isa = PBXBuildFile; fileRef = B7C919972034BEFF00111DBE /* NetworkProviding.swift */; };
		B7C9199A2034BFAD00111DBE /* NetworkOperationCancalable.swift in Sources */ = {isa = PBXBuildFile; fileRef = B7C919992034BFAD00111DBE /* NetworkOperationCancalable.swift */; };
		B7C919A22034C1A500111DBE /* NetworkOperationResumable.swift in Sources */ = {isa = PBXBuildFile; fileRef = B7C919A12034C1A500111DBE /* NetworkOperationResumable.swift */; };
		B7C919A42034C25600111DBE /* NetworkOperationable.swift in Sources */ = {isa = PBXBuildFile; fileRef = B7C919A32034C25600111DBE /* NetworkOperationable.swift */; };
		B7C919A62034C5D500111DBE /* NetworkServiceSpec.swift in Sources */ = {isa = PBXBuildFile; fileRef = B7C919A52034C5D500111DBE /* NetworkServiceSpec.swift */; };
		B7C919AA2034E3AD00111DBE /* Result+Equatable.swift in Sources */ = {isa = PBXBuildFile; fileRef = B7C919A92034E3AD00111DBE /* Result+Equatable.swift */; };
		BBDAC912AE065EC29AD65C10 /* Pods_MovieDB.framework in Frameworks */ = {isa = PBXBuildFile; fileRef = 0B751CE73054580E5A0D498D /* Pods_MovieDB.framework */; };
/* End PBXBuildFile section */

/* Begin PBXContainerItemProxy section */
		B7C9196B2034B24E00111DBE /* PBXContainerItemProxy */ = {
			isa = PBXContainerItemProxy;
			containerPortal = B7C9194E2034B24E00111DBE /* Project object */;
			proxyType = 1;
			remoteGlobalIDString = B7C919552034B24E00111DBE;
			remoteInfo = MovieDB;
		};
/* End PBXContainerItemProxy section */

/* Begin PBXFileReference section */
		0B751CE73054580E5A0D498D /* Pods_MovieDB.framework */ = {isa = PBXFileReference; explicitFileType = wrapper.framework; includeInIndex = 0; path = Pods_MovieDB.framework; sourceTree = BUILT_PRODUCTS_DIR; };
		8C9C6ABF9EA5DE0CA5548F13 /* Pods-MovieDB.release.xcconfig */ = {isa = PBXFileReference; includeInIndex = 1; lastKnownFileType = text.xcconfig; name = "Pods-MovieDB.release.xcconfig"; path = "Pods/Target Support Files/Pods-MovieDB/Pods-MovieDB.release.xcconfig"; sourceTree = "<group>"; };
		9C41A5E334476814FABAF535 /* Pods-MovieDB.debug.xcconfig */ = {isa = PBXFileReference; includeInIndex = 1; lastKnownFileType = text.xcconfig; name = "Pods-MovieDB.debug.xcconfig"; path = "Pods/Target Support Files/Pods-MovieDB/Pods-MovieDB.debug.xcconfig"; sourceTree = "<group>"; };
		9F3B810D618CAF362F0F2701 /* Pods-MovieDBTests.debug.xcconfig */ = {isa = PBXFileReference; includeInIndex = 1; lastKnownFileType = text.xcconfig; name = "Pods-MovieDBTests.debug.xcconfig"; path = "Pods/Target Support Files/Pods-MovieDBTests/Pods-MovieDBTests.debug.xcconfig"; sourceTree = "<group>"; };
		B70AD68520398BB600E99E1B /* URLSession+NetworkProviding.swift */ = {isa = PBXFileReference; fileEncoding = 4; lastKnownFileType = sourcecode.swift; path = "URLSession+NetworkProviding.swift"; sourceTree = "<group>"; };
		B70AD68620398BB600E99E1B /* URLSessionDataTask+NetworkOperationable.swift */ = {isa = PBXFileReference; fileEncoding = 4; lastKnownFileType = sourcecode.swift; path = "URLSessionDataTask+NetworkOperationable.swift"; sourceTree = "<group>"; };
		B70AD68D20398C7500E99E1B /* Search.storyboard */ = {isa = PBXFileReference; lastKnownFileType = file.storyboard; path = Search.storyboard; sourceTree = "<group>"; };
		B70AD69120398E8800E99E1B /* SearchViewController.swift */ = {isa = PBXFileReference; lastKnownFileType = sourcecode.swift; path = SearchViewController.swift; sourceTree = "<group>"; };
		B70AD69320398EB800E99E1B /* SearchViewModel.swift */ = {isa = PBXFileReference; lastKnownFileType = sourcecode.swift; path = SearchViewModel.swift; sourceTree = "<group>"; };
		B70AD69520398EE600E99E1B /* SearchViewModeling.swift */ = {isa = PBXFileReference; lastKnownFileType = sourcecode.swift; path = SearchViewModeling.swift; sourceTree = "<group>"; };
		B70AD6972039919D00E99E1B /* MovieCell.xib */ = {isa = PBXFileReference; lastKnownFileType = file.xib; path = MovieCell.xib; sourceTree = "<group>"; };
		B70AD69A2039966E00E99E1B /* MovieCell.swift */ = {isa = PBXFileReference; lastKnownFileType = sourcecode.swift; path = MovieCell.swift; sourceTree = "<group>"; };
		B70AD69C203996AF00E99E1B /* MovieViewModel.swift */ = {isa = PBXFileReference; lastKnownFileType = sourcecode.swift; path = MovieViewModel.swift; sourceTree = "<group>"; };
		B70AD69E203996BA00E99E1B /* MovieViewModeling.swift */ = {isa = PBXFileReference; lastKnownFileType = sourcecode.swift; path = MovieViewModeling.swift; sourceTree = "<group>"; };
		B70AD6A22039A04900E99E1B /* MovieCell+NibReusable .swift */ = {isa = PBXFileReference; lastKnownFileType = sourcecode.swift; path = "MovieCell+NibReusable .swift"; sourceTree = "<group>"; };
		B70AD6A42039A07300E99E1B /* SearchViewController+UITableViewDataSource.swift */ = {isa = PBXFileReference; lastKnownFileType = sourcecode.swift; path = "SearchViewController+UITableViewDataSource.swift"; sourceTree = "<group>"; };
		B70AD6A62039A09000E99E1B /* SearchViewController+UITableViewDataSourcePrefetching.swift */ = {isa = PBXFileReference; lastKnownFileType = sourcecode.swift; path = "SearchViewController+UITableViewDataSourcePrefetching.swift"; sourceTree = "<group>"; };
		B70AD6A82039A4CC00E99E1B /* MovieViewModel+MovieViewModeling.swift */ = {isa = PBXFileReference; lastKnownFileType = sourcecode.swift; path = "MovieViewModel+MovieViewModeling.swift"; sourceTree = "<group>"; };
		B70AD6AA2039AC7900E99E1B /* Searchable.swift */ = {isa = PBXFileReference; lastKnownFileType = sourcecode.swift; path = Searchable.swift; sourceTree = "<group>"; };
		B70AD6AC2039ACEC00E99E1B /* SearchViewModel+Searchable.swift */ = {isa = PBXFileReference; lastKnownFileType = sourcecode.swift; path = "SearchViewModel+Searchable.swift"; sourceTree = "<group>"; };
		B70AD6AE2039AD1700E99E1B /* ItemModelState.swift */ = {isa = PBXFileReference; lastKnownFileType = sourcecode.swift; path = ItemModelState.swift; sourceTree = "<group>"; };
		B7154B832038523200DACF64 /* RESTPaginatorResponse.swift */ = {isa = PBXFileReference; lastKnownFileType = sourcecode.swift; path = RESTPaginatorResponse.swift; sourceTree = "<group>"; };
		B7154B862038536200DACF64 /* RESTPaginatorResponsable.swift */ = {isa = PBXFileReference; lastKnownFileType = sourcecode.swift; path = RESTPaginatorResponsable.swift; sourceTree = "<group>"; };
		B7154B892038603500DACF64 /* RESTPaginatorNetworkRequest.swift */ = {isa = PBXFileReference; lastKnownFileType = sourcecode.swift; path = RESTPaginatorNetworkRequest.swift; sourceTree = "<group>"; };
		B7154B8C203868AF00DACF64 /* Decoderable.swift */ = {isa = PBXFileReference; lastKnownFileType = sourcecode.swift; path = Decoderable.swift; sourceTree = "<group>"; };
		B7154B8E203868CE00DACF64 /* XMLDecoder.swift */ = {isa = PBXFileReference; lastKnownFileType = sourcecode.swift; path = XMLDecoder.swift; sourceTree = "<group>"; };
		B7154B902038691900DACF64 /* JSONDecoder+Decoderable.swift */ = {isa = PBXFileReference; lastKnownFileType = sourcecode.swift; path = "JSONDecoder+Decoderable.swift"; sourceTree = "<group>"; };
		B7154B932038726800DACF64 /* RESTPaginatorResponse+Decodable.swift */ = {isa = PBXFileReference; lastKnownFileType = sourcecode.swift; path = "RESTPaginatorResponse+Decodable.swift"; sourceTree = "<group>"; };
		B7154B952038777800DACF64 /* RESTPaginatorResponseSpec.swift */ = {isa = PBXFileReference; lastKnownFileType = sourcecode.swift; path = RESTPaginatorResponseSpec.swift; sourceTree = "<group>"; };
		B7154B98203880A700DACF64 /* URL+NetworkRequesting.swift */ = {isa = PBXFileReference; fileEncoding = 4; lastKnownFileType = sourcecode.swift; path = "URL+NetworkRequesting.swift"; sourceTree = "<group>"; };
		B7154B9A203890F000DACF64 /* RESTPaginatorNetworkRequestSpec.swift */ = {isa = PBXFileReference; lastKnownFileType = sourcecode.swift; path = RESTPaginatorNetworkRequestSpec.swift; sourceTree = "<group>"; };
		B7154B9C2038919E00DACF64 /* RESTPaginatorNetworkRequestable.swift */ = {isa = PBXFileReference; lastKnownFileType = sourcecode.swift; path = RESTPaginatorNetworkRequestable.swift; sourceTree = "<group>"; };
		B71DB58820377074003608AC /* RESTPaginatorServicing.swift */ = {isa = PBXFileReference; lastKnownFileType = sourcecode.swift; path = RESTPaginatorServicing.swift; sourceTree = "<group>"; };
		B71DB58A203770EF003608AC /* RESTPaginatorService.swift */ = {isa = PBXFileReference; lastKnownFileType = sourcecode.swift; path = RESTPaginatorService.swift; sourceTree = "<group>"; };
		B71DB58C203772B0003608AC /* RESTPaginatorDelegate.swift */ = {isa = PBXFileReference; lastKnownFileType = sourcecode.swift; path = RESTPaginatorDelegate.swift; sourceTree = "<group>"; };
		B71DB58E203776A3003608AC /* RESTPaginatorServiceConfiguration.swift */ = {isa = PBXFileReference; lastKnownFileType = sourcecode.swift; path = RESTPaginatorServiceConfiguration.swift; sourceTree = "<group>"; };
		B71DB59220384F11003608AC /* RESTPaginatorError.swift */ = {isa = PBXFileReference; fileEncoding = 4; lastKnownFileType = sourcecode.swift; path = RESTPaginatorError.swift; sourceTree = "<group>"; };
		B71DB59420384F57003608AC /* RESTPaginatorItemLoadable.swift */ = {isa = PBXFileReference; lastKnownFileType = sourcecode.swift; path = RESTPaginatorItemLoadable.swift; sourceTree = "<group>"; };
		B7666C082038EEDC0002C06D /* RESTPaginatorLoaderSpec.swift */ = {isa = PBXFileReference; lastKnownFileType = sourcecode.swift; path = RESTPaginatorLoaderSpec.swift; sourceTree = "<group>"; };
		B791C4372039E50800AB62AA /* Date+CustomFormatters.swift */ = {isa = PBXFileReference; lastKnownFileType = sourcecode.swift; path = "Date+CustomFormatters.swift"; sourceTree = "<group>"; };
		B79221F6203A1B3F0054681E /* SearchViewModel+RESTPaginatorErrorDelegate .swift */ = {isa = PBXFileReference; lastKnownFileType = sourcecode.swift; path = "SearchViewModel+RESTPaginatorErrorDelegate .swift"; sourceTree = "<group>"; };
		B79221F8203A1B9C0054681E /* SearchViewModel+RESTPaginatorDelegate.swift */ = {isa = PBXFileReference; lastKnownFileType = sourcecode.swift; path = "SearchViewModel+RESTPaginatorDelegate.swift"; sourceTree = "<group>"; };
		B79221FA203A1BCB0054681E /* SearchViewModel+SearchViewModeling.swift */ = {isa = PBXFileReference; lastKnownFileType = sourcecode.swift; path = "SearchViewModel+SearchViewModeling.swift"; sourceTree = "<group>"; };
		B79221FC203A1D400054681E /* SearchViewModel+SearchViewModelingDataSource.swift */ = {isa = PBXFileReference; lastKnownFileType = sourcecode.swift; path = "SearchViewModel+SearchViewModelingDataSource.swift"; sourceTree = "<group>"; };
		B79221FE203A22940054681E /* RESTPaginatorService+RESTPaginatorItemLoadable.swift */ = {isa = PBXFileReference; lastKnownFileType = sourcecode.swift; path = "RESTPaginatorService+RESTPaginatorItemLoadable.swift"; sourceTree = "<group>"; };
		B7922200203A2BA00054681E /* SearchViewModelingDataSource.swift */ = {isa = PBXFileReference; lastKnownFileType = sourcecode.swift; path = SearchViewModelingDataSource.swift; sourceTree = "<group>"; };
		B7922202203A2F420054681E /* SearchViewController+UISearchBarDelegate.swift */ = {isa = PBXFileReference; lastKnownFileType = sourcecode.swift; path = "SearchViewController+UISearchBarDelegate.swift"; sourceTree = "<group>"; };
		B7922205203A30AF0054681E /* ImageDownloadServicing.swift */ = {isa = PBXFileReference; lastKnownFileType = sourcecode.swift; path = ImageDownloadServicing.swift; sourceTree = "<group>"; };
		B7922207203A30CF0054681E /* ImageDownloadService.swift */ = {isa = PBXFileReference; lastKnownFileType = sourcecode.swift; path = ImageDownloadService.swift; sourceTree = "<group>"; };
		B7922209203A36BF0054681E /* SearchViewController+UITableViewDelegate.swift */ = {isa = PBXFileReference; lastKnownFileType = sourcecode.swift; path = "SearchViewController+UITableViewDelegate.swift"; sourceTree = "<group>"; };
		B792220C203B38AB0054681E /* ApiProviderable.swift */ = {isa = PBXFileReference; lastKnownFileType = sourcecode.swift; path = ApiProviderable.swift; sourceTree = "<group>"; };
		B792220E203B38CB0054681E /* ApiProvider.swift */ = {isa = PBXFileReference; lastKnownFileType = sourcecode.swift; path = ApiProvider.swift; sourceTree = "<group>"; };
		B7922210203B39180054681E /* ApiVersion.swift */ = {isa = PBXFileReference; lastKnownFileType = sourcecode.swift; path = ApiVersion.swift; sourceTree = "<group>"; };
		B7922212203B396D0054681E /* ApiProviderSpec.swift */ = {isa = PBXFileReference; lastKnownFileType = sourcecode.swift; path = ApiProviderSpec.swift; sourceTree = "<group>"; };
		B7922214203B42610054681E /* ImageSize.swift */ = {isa = PBXFileReference; fileEncoding = 4; lastKnownFileType = sourcecode.swift; path = ImageSize.swift; sourceTree = "<group>"; };
		B7922216203B47FF0054681E /* ApiPath.swift */ = {isa = PBXFileReference; lastKnownFileType = sourcecode.swift; path = ApiPath.swift; sourceTree = "<group>"; };
		B7C24A722038F84400B52C6D /* Array+RESTPaginatorNetworkRequestable.swift */ = {isa = PBXFileReference; lastKnownFileType = sourcecode.swift; path = "Array+RESTPaginatorNetworkRequestable.swift"; sourceTree = "<group>"; };
		B7C24A752039763C00B52C6D /* MockedNetworkProvider.swift */ = {isa = PBXFileReference; lastKnownFileType = sourcecode.swift; path = MockedNetworkProvider.swift; sourceTree = "<group>"; };
		B7C24A772039886E00B52C6D /* RESTPaginatorErrorDelegate.swift */ = {isa = PBXFileReference; lastKnownFileType = sourcecode.swift; path = RESTPaginatorErrorDelegate.swift; sourceTree = "<group>"; };
		B7C81CE02038D09A0012BF84 /* RESTPaginatorLoaderable.swift */ = {isa = PBXFileReference; lastKnownFileType = sourcecode.swift; path = RESTPaginatorLoaderable.swift; sourceTree = "<group>"; };
		B7C81CE22038D0BE0012BF84 /* RESTPaginatorLoader.swift */ = {isa = PBXFileReference; lastKnownFileType = sourcecode.swift; path = RESTPaginatorLoader.swift; sourceTree = "<group>"; };
		B7C81CE52038D5170012BF84 /* RESTPaginatorLoaderError.swift */ = {isa = PBXFileReference; lastKnownFileType = sourcecode.swift; path = RESTPaginatorLoaderError.swift; sourceTree = "<group>"; };
		B7C81CEA2038E33F0012BF84 /* RESTPaginatorLoader+RESTPaginatorLoaderable.swift */ = {isa = PBXFileReference; lastKnownFileType = sourcecode.swift; path = "RESTPaginatorLoader+RESTPaginatorLoaderable.swift"; sourceTree = "<group>"; };
		B7C81CEC2038E4950012BF84 /* README.md */ = {isa = PBXFileReference; fileEncoding = 4; lastKnownFileType = net.daringfireball.markdown; path = README.md; sourceTree = "<group>"; };
		B7C919562034B24E00111DBE /* MovieDB.app */ = {isa = PBXFileReference; explicitFileType = wrapper.application; includeInIndex = 0; path = MovieDB.app; sourceTree = BUILT_PRODUCTS_DIR; };
		B7C919592034B24E00111DBE /* AppDelegate.swift */ = {isa = PBXFileReference; lastKnownFileType = sourcecode.swift; path = AppDelegate.swift; sourceTree = "<group>"; };
		B7C9195B2034B24E00111DBE /* ViewController.swift */ = {isa = PBXFileReference; lastKnownFileType = sourcecode.swift; path = ViewController.swift; sourceTree = "<group>"; };
		B7C9195E2034B24E00111DBE /* Base */ = {isa = PBXFileReference; lastKnownFileType = file.storyboard; name = Base; path = Base.lproj/Main.storyboard; sourceTree = "<group>"; };
		B7C919602034B24E00111DBE /* Assets.xcassets */ = {isa = PBXFileReference; lastKnownFileType = folder.assetcatalog; path = Assets.xcassets; sourceTree = "<group>"; };
		B7C919632034B24E00111DBE /* Base */ = {isa = PBXFileReference; lastKnownFileType = file.storyboard; name = Base; path = Base.lproj/LaunchScreen.storyboard; sourceTree = "<group>"; };
		B7C919652034B24E00111DBE /* Info.plist */ = {isa = PBXFileReference; lastKnownFileType = text.plist.xml; path = Info.plist; sourceTree = "<group>"; };
		B7C9196A2034B24E00111DBE /* MovieDBTests.xctest */ = {isa = PBXFileReference; explicitFileType = wrapper.cfbundle; includeInIndex = 0; path = MovieDBTests.xctest; sourceTree = BUILT_PRODUCTS_DIR; };
		B7C9196E2034B24E00111DBE /* MovieDBTests.swift */ = {isa = PBXFileReference; lastKnownFileType = sourcecode.swift; path = MovieDBTests.swift; sourceTree = "<group>"; };
		B7C919702034B24E00111DBE /* Info.plist */ = {isa = PBXFileReference; lastKnownFileType = text.plist.xml; path = Info.plist; sourceTree = "<group>"; };
		B7C919792034B24E00111DBE /* MovieDBUITests.swift */ = {isa = PBXFileReference; lastKnownFileType = sourcecode.swift; path = MovieDBUITests.swift; sourceTree = "<group>"; };
		B7C9197B2034B24E00111DBE /* Info.plist */ = {isa = PBXFileReference; lastKnownFileType = text.plist.xml; path = Info.plist; sourceTree = "<group>"; };
		B7C919892034BC4F00111DBE /* NetworkService.swift */ = {isa = PBXFileReference; lastKnownFileType = sourcecode.swift; path = NetworkService.swift; sourceTree = "<group>"; };
		B7C9198B2034BC6900111DBE /* NetworkServicing.swift */ = {isa = PBXFileReference; lastKnownFileType = sourcecode.swift; path = NetworkServicing.swift; sourceTree = "<group>"; };
		B7C9198D2034BC9B00111DBE /* NetworkRequesting.swift */ = {isa = PBXFileReference; lastKnownFileType = sourcecode.swift; path = NetworkRequesting.swift; sourceTree = "<group>"; };
		B7C919922034BD0C00111DBE /* Results.swift */ = {isa = PBXFileReference; lastKnownFileType = sourcecode.swift; path = Results.swift; sourceTree = "<group>"; };
		B7C919952034BE3A00111DBE /* NetworkServiceError.swift */ = {isa = PBXFileReference; lastKnownFileType = sourcecode.swift; path = NetworkServiceError.swift; sourceTree = "<group>"; };
		B7C919972034BEFF00111DBE /* NetworkProviding.swift */ = {isa = PBXFileReference; lastKnownFileType = sourcecode.swift; path = NetworkProviding.swift; sourceTree = "<group>"; };
		B7C919992034BFAD00111DBE /* NetworkOperationCancalable.swift */ = {isa = PBXFileReference; lastKnownFileType = sourcecode.swift; path = NetworkOperationCancalable.swift; sourceTree = "<group>"; };
		B7C919A12034C1A500111DBE /* NetworkOperationResumable.swift */ = {isa = PBXFileReference; lastKnownFileType = sourcecode.swift; path = NetworkOperationResumable.swift; sourceTree = "<group>"; };
		B7C919A32034C25600111DBE /* NetworkOperationable.swift */ = {isa = PBXFileReference; lastKnownFileType = sourcecode.swift; path = NetworkOperationable.swift; sourceTree = "<group>"; };
		B7C919A52034C5D500111DBE /* NetworkServiceSpec.swift */ = {isa = PBXFileReference; lastKnownFileType = sourcecode.swift; path = NetworkServiceSpec.swift; sourceTree = "<group>"; };
		B7C919A92034E3AD00111DBE /* Result+Equatable.swift */ = {isa = PBXFileReference; lastKnownFileType = sourcecode.swift; path = "Result+Equatable.swift"; sourceTree = "<group>"; };
		C3D07F6AC7685259E955E4E7 /* Pods_MovieDBTests.framework */ = {isa = PBXFileReference; explicitFileType = wrapper.framework; includeInIndex = 0; path = Pods_MovieDBTests.framework; sourceTree = BUILT_PRODUCTS_DIR; };
		C77A654721436C900D1A33FA /* Pods-MovieDBTests.release.xcconfig */ = {isa = PBXFileReference; includeInIndex = 1; lastKnownFileType = text.xcconfig; name = "Pods-MovieDBTests.release.xcconfig"; path = "Pods/Target Support Files/Pods-MovieDBTests/Pods-MovieDBTests.release.xcconfig"; sourceTree = "<group>"; };
/* End PBXFileReference section */

/* Begin PBXFrameworksBuildPhase section */
		B7C919532034B24E00111DBE /* Frameworks */ = {
			isa = PBXFrameworksBuildPhase;
			buildActionMask = 2147483647;
			files = (
				BBDAC912AE065EC29AD65C10 /* Pods_MovieDB.framework in Frameworks */,
			);
			runOnlyForDeploymentPostprocessing = 0;
		};
		B7C919672034B24E00111DBE /* Frameworks */ = {
			isa = PBXFrameworksBuildPhase;
			buildActionMask = 2147483647;
			files = (
				5A0DF9DAC6F3B9B4254FAFB7 /* Pods_MovieDBTests.framework in Frameworks */,
			);
			runOnlyForDeploymentPostprocessing = 0;
		};
/* End PBXFrameworksBuildPhase section */

/* Begin PBXGroup section */
		38B87DA9F04F1787530A74FE /* Frameworks */ = {
			isa = PBXGroup;
			children = (
				0B751CE73054580E5A0D498D /* Pods_MovieDB.framework */,
				C3D07F6AC7685259E955E4E7 /* Pods_MovieDBTests.framework */,
			);
			name = Frameworks;
			sourceTree = "<group>";
		};
		8CF0C73C85DC64069D0DA641 /* Pods */ = {
			isa = PBXGroup;
			children = (
				9C41A5E334476814FABAF535 /* Pods-MovieDB.debug.xcconfig */,
				8C9C6ABF9EA5DE0CA5548F13 /* Pods-MovieDB.release.xcconfig */,
				9F3B810D618CAF362F0F2701 /* Pods-MovieDBTests.debug.xcconfig */,
				C77A654721436C900D1A33FA /* Pods-MovieDBTests.release.xcconfig */,
			);
			name = Pods;
			sourceTree = "<group>";
		};
		B70AD68920398C0F00E99E1B /* Scenes */ = {
			isa = PBXGroup;
			children = (
				B70AD68A20398C2700E99E1B /* Search */,
				B70AD69120398E8800E99E1B /* SearchViewController.swift */,
			);
			path = Scenes;
			sourceTree = "<group>";
		};
		B70AD68A20398C2700E99E1B /* Search */ = {
			isa = PBXGroup;
			children = (
				B70AD6992039958800E99E1B /* Extensions */,
				B70AD68C20398C3A00E99E1B /* ViewModel */,
				B70AD68B20398C3400E99E1B /* View */,
			);
			path = Search;
			sourceTree = "<group>";
		};
		B70AD68B20398C3400E99E1B /* View */ = {
			isa = PBXGroup;
			children = (
				B70AD6972039919D00E99E1B /* MovieCell.xib */,
				B70AD69A2039966E00E99E1B /* MovieCell.swift */,
			);
			path = View;
			sourceTree = "<group>";
		};
		B70AD68C20398C3A00E99E1B /* ViewModel */ = {
			isa = PBXGroup;
			children = (
				B70AD69320398EB800E99E1B /* SearchViewModel.swift */,
				B70AD69520398EE600E99E1B /* SearchViewModeling.swift */,
				B70AD69C203996AF00E99E1B /* MovieViewModel.swift */,
				B70AD69E203996BA00E99E1B /* MovieViewModeling.swift */,
				B70AD6AE2039AD1700E99E1B /* ItemModelState.swift */,
				B7922200203A2BA00054681E /* SearchViewModelingDataSource.swift */,
			);
			path = ViewModel;
			sourceTree = "<group>";
		};
		B70AD69020398DC900E99E1B /* Storyboards */ = {
			isa = PBXGroup;
			children = (
				B70AD68D20398C7500E99E1B /* Search.storyboard */,
				B7C9195D2034B24E00111DBE /* Main.storyboard */,
			);
			path = Storyboards;
			sourceTree = "<group>";
		};
		B70AD6992039958800E99E1B /* Extensions */ = {
			isa = PBXGroup;
			children = (
				B70AD6A22039A04900E99E1B /* MovieCell+NibReusable .swift */,
				B70AD6A82039A4CC00E99E1B /* MovieViewModel+MovieViewModeling.swift */,
				B70AD6A42039A07300E99E1B /* SearchViewController+UITableViewDataSource.swift */,
				B70AD6A62039A09000E99E1B /* SearchViewController+UITableViewDataSourcePrefetching.swift */,
				B7922209203A36BF0054681E /* SearchViewController+UITableViewDelegate.swift */,
				B7922202203A2F420054681E /* SearchViewController+UISearchBarDelegate.swift */,
				B70AD6AC2039ACEC00E99E1B /* SearchViewModel+Searchable.swift */,
				B79221F6203A1B3F0054681E /* SearchViewModel+RESTPaginatorErrorDelegate .swift */,
				B79221F8203A1B9C0054681E /* SearchViewModel+RESTPaginatorDelegate.swift */,
				B79221FA203A1BCB0054681E /* SearchViewModel+SearchViewModeling.swift */,
				B79221FC203A1D400054681E /* SearchViewModel+SearchViewModelingDataSource.swift */,
			);
			path = Extensions;
			sourceTree = "<group>";
		};
		B7154B882038541800DACF64 /* Delegates */ = {
			isa = PBXGroup;
			children = (
				B71DB58C203772B0003608AC /* RESTPaginatorDelegate.swift */,
				B7C24A772039886E00B52C6D /* RESTPaginatorErrorDelegate.swift */,
			);
			path = Delegates;
			sourceTree = "<group>";
		};
		B7154B8B2038687B00DACF64 /* Decoderable */ = {
			isa = PBXGroup;
			children = (
				B7154B8C203868AF00DACF64 /* Decoderable.swift */,
				B7154B8E203868CE00DACF64 /* XMLDecoder.swift */,
				B7154B902038691900DACF64 /* JSONDecoder+Decoderable.swift */,
			);
			path = Decoderable;
			sourceTree = "<group>";
		};
		B7154B922038725100DACF64 /* Extensions */ = {
			isa = PBXGroup;
			children = (
				B7154B932038726800DACF64 /* RESTPaginatorResponse+Decodable.swift */,
				B7C81CEA2038E33F0012BF84 /* RESTPaginatorLoader+RESTPaginatorLoaderable.swift */,
				B79221FE203A22940054681E /* RESTPaginatorService+RESTPaginatorItemLoadable.swift */,
			);
			path = Extensions;
			sourceTree = "<group>";
		};
		B71DB58620377009003608AC /* Paginator */ = {
			isa = PBXGroup;
			children = (
				B7154B922038725100DACF64 /* Extensions */,
				B71DB5872037704A003608AC /* Protocols */,
				B71DB59220384F11003608AC /* RESTPaginatorError.swift */,
				B71DB58A203770EF003608AC /* RESTPaginatorService.swift */,
				B71DB58E203776A3003608AC /* RESTPaginatorServiceConfiguration.swift */,
				B7154B832038523200DACF64 /* RESTPaginatorResponse.swift */,
				B7154B892038603500DACF64 /* RESTPaginatorNetworkRequest.swift */,
				B7C81CE22038D0BE0012BF84 /* RESTPaginatorLoader.swift */,
				B7C81CE52038D5170012BF84 /* RESTPaginatorLoaderError.swift */,
			);
			path = Paginator;
			sourceTree = "<group>";
		};
		B71DB5872037704A003608AC /* Protocols */ = {
			isa = PBXGroup;
			children = (
				B7154B882038541800DACF64 /* Delegates */,
				B7154B862038536200DACF64 /* RESTPaginatorResponsable.swift */,
				B71DB58820377074003608AC /* RESTPaginatorServicing.swift */,
				B71DB59420384F57003608AC /* RESTPaginatorItemLoadable.swift */,
				B7154B9C2038919E00DACF64 /* RESTPaginatorNetworkRequestable.swift */,
				B7C81CE02038D09A0012BF84 /* RESTPaginatorLoaderable.swift */,
			);
			path = Protocols;
			sourceTree = "<group>";
		};
		B7922204203A30980054681E /* ImageDownload */ = {
			isa = PBXGroup;
			children = (
				B7922205203A30AF0054681E /* ImageDownloadServicing.swift */,
				B7922207203A30CF0054681E /* ImageDownloadService.swift */,
			);
			path = ImageDownload;
			sourceTree = "<group>";
		};
		B792220B203B2C140054681E /* ApiProvider */ = {
			isa = PBXGroup;
			children = (
				B792220C203B38AB0054681E /* ApiProviderable.swift */,
				B792220E203B38CB0054681E /* ApiProvider.swift */,
				B7922214203B42610054681E /* ImageSize.swift */,
				B7922210203B39180054681E /* ApiVersion.swift */,
				B7922216203B47FF0054681E /* ApiPath.swift */,
			);
			path = ApiProvider;
			sourceTree = "<group>";
		};
		B7C24A742039761800B52C6D /* Helpers */ = {
			isa = PBXGroup;
			children = (
				B7C24A752039763C00B52C6D /* MockedNetworkProvider.swift */,
			);
			path = Helpers;
			sourceTree = "<group>";
		};
		B7C81CE72038DCCD0012BF84 /* Resources */ = {
			isa = PBXGroup;
			children = (
				B70AD69020398DC900E99E1B /* Storyboards */,
			);
			path = Resources;
			sourceTree = "<group>";
		};
		B7C9194D2034B24E00111DBE = {
			isa = PBXGroup;
			children = (
				B7C81CEC2038E4950012BF84 /* README.md */,
				B7C919582034B24E00111DBE /* MovieDB */,
				B7C9196D2034B24E00111DBE /* MovieDBTests */,
				B7C919782034B24E00111DBE /* MovieDBUITests */,
				B7C81CE72038DCCD0012BF84 /* Resources */,
				B7C919572034B24E00111DBE /* Products */,
				8CF0C73C85DC64069D0DA641 /* Pods */,
				38B87DA9F04F1787530A74FE /* Frameworks */,
			);
			sourceTree = "<group>";
		};
		B7C919572034B24E00111DBE /* Products */ = {
			isa = PBXGroup;
			children = (
				B7C919562034B24E00111DBE /* MovieDB.app */,
				B7C9196A2034B24E00111DBE /* MovieDBTests.xctest */,
			);
			name = Products;
			sourceTree = "<group>";
		};
		B7C919582034B24E00111DBE /* MovieDB */ = {
			isa = PBXGroup;
			children = (
				B70AD68920398C0F00E99E1B /* Scenes */,
				B7C919942034BD1500111DBE /* Helpers */,
				B7C9198F2034BCBC00111DBE /* Extensions */,
				B7C919872034B8D300111DBE /* Services */,
				B7C919592034B24E00111DBE /* AppDelegate.swift */,
				B7C9195B2034B24E00111DBE /* ViewController.swift */,
				B7C919602034B24E00111DBE /* Assets.xcassets */,
				B7C919622034B24E00111DBE /* LaunchScreen.storyboard */,
				B7C919652034B24E00111DBE /* Info.plist */,
			);
			path = MovieDB;
			sourceTree = "<group>";
		};
		B7C9196D2034B24E00111DBE /* MovieDBTests */ = {
			isa = PBXGroup;
			children = (
				B7C24A742039761800B52C6D /* Helpers */,
				B7C9196E2034B24E00111DBE /* MovieDBTests.swift */,
				B7C919702034B24E00111DBE /* Info.plist */,
				B7C919A52034C5D500111DBE /* NetworkServiceSpec.swift */,
				B7154B952038777800DACF64 /* RESTPaginatorResponseSpec.swift */,
				B7154B9A203890F000DACF64 /* RESTPaginatorNetworkRequestSpec.swift */,
				B7666C082038EEDC0002C06D /* RESTPaginatorLoaderSpec.swift */,
				B7922212203B396D0054681E /* ApiProviderSpec.swift */,
			);
			path = MovieDBTests;
			sourceTree = "<group>";
		};
		B7C919782034B24E00111DBE /* MovieDBUITests */ = {
			isa = PBXGroup;
			children = (
				B7C919792034B24E00111DBE /* MovieDBUITests.swift */,
				B7C9197B2034B24E00111DBE /* Info.plist */,
			);
			path = MovieDBUITests;
			sourceTree = "<group>";
		};
		B7C919872034B8D300111DBE /* Services */ = {
			isa = PBXGroup;
			children = (
				B792220B203B2C140054681E /* ApiProvider */,
				B7922204203A30980054681E /* ImageDownload */,
				B7154B8B2038687B00DACF64 /* Decoderable */,
				B71DB58620377009003608AC /* Paginator */,
				B7C919882034B8DD00111DBE /* Networking */,
			);
			path = Services;
			sourceTree = "<group>";
		};
		B7C919882034B8DD00111DBE /* Networking */ = {
			isa = PBXGroup;
			children = (
				B7C919A02034C17400111DBE /* Protocols */,
				B7C919892034BC4F00111DBE /* NetworkService.swift */,
				B7C919952034BE3A00111DBE /* NetworkServiceError.swift */,
			);
			path = Networking;
			sourceTree = "<group>";
		};
		B7C9198F2034BCBC00111DBE /* Extensions */ = {
			isa = PBXGroup;
			children = (
				B7C9199B2034C03300111DBE /* Networking */,
				B7C919A92034E3AD00111DBE /* Result+Equatable.swift */,
				B7C24A722038F84400B52C6D /* Array+RESTPaginatorNetworkRequestable.swift */,
				B791C4372039E50800AB62AA /* Date+CustomFormatters.swift */,
			);
			path = Extensions;
			sourceTree = "<group>";
		};
		B7C919942034BD1500111DBE /* Helpers */ = {
			isa = PBXGroup;
			children = (
				B70AD6AA2039AC7900E99E1B /* Searchable.swift */,
				B7C919922034BD0C00111DBE /* Results.swift */,
			);
			path = Helpers;
			sourceTree = "<group>";
		};
		B7C9199B2034C03300111DBE /* Networking */ = {
			isa = PBXGroup;
			children = (
				B70AD68520398BB600E99E1B /* URLSession+NetworkProviding.swift */,
				B70AD68620398BB600E99E1B /* URLSessionDataTask+NetworkOperationable.swift */,
				B7154B98203880A700DACF64 /* URL+NetworkRequesting.swift */,
			);
			path = Networking;
			sourceTree = "<group>";
		};
		B7C919A02034C17400111DBE /* Protocols */ = {
			isa = PBXGroup;
			children = (
				B7C9198B2034BC6900111DBE /* NetworkServicing.swift */,
				B7C9198D2034BC9B00111DBE /* NetworkRequesting.swift */,
				B7C919972034BEFF00111DBE /* NetworkProviding.swift */,
				B7C919992034BFAD00111DBE /* NetworkOperationCancalable.swift */,
				B7C919A12034C1A500111DBE /* NetworkOperationResumable.swift */,
				B7C919A32034C25600111DBE /* NetworkOperationable.swift */,
			);
			path = Protocols;
			sourceTree = "<group>";
		};
/* End PBXGroup section */

/* Begin PBXNativeTarget section */
		B7C919552034B24E00111DBE /* MovieDB */ = {
			isa = PBXNativeTarget;
			buildConfigurationList = B7C9197E2034B24E00111DBE /* Build configuration list for PBXNativeTarget "MovieDB" */;
			buildPhases = (
				69D5F71D7EF6FE1EC194D790 /* [CP] Check Pods Manifest.lock */,
				B7C919522034B24E00111DBE /* Sources */,
				B7C919532034B24E00111DBE /* Frameworks */,
				B7C919542034B24E00111DBE /* Resources */,
				2A8507C71A0771FFCB05864B /* [CP] Embed Pods Frameworks */,
				E7AE15A3E008A5B70F8FDADC /* [CP] Copy Pods Resources */,
			);
			buildRules = (
			);
			dependencies = (
			);
			name = MovieDB;
			productName = MovieDB;
			productReference = B7C919562034B24E00111DBE /* MovieDB.app */;
			productType = "com.apple.product-type.application";
		};
		B7C919692034B24E00111DBE /* MovieDBTests */ = {
			isa = PBXNativeTarget;
			buildConfigurationList = B7C919812034B24E00111DBE /* Build configuration list for PBXNativeTarget "MovieDBTests" */;
			buildPhases = (
				6338E58C5504ED9B707BA709 /* [CP] Check Pods Manifest.lock */,
				B7C919662034B24E00111DBE /* Sources */,
				B7C919672034B24E00111DBE /* Frameworks */,
				B7C919682034B24E00111DBE /* Resources */,
				352079CB34E176D49B2E03AC /* [CP] Embed Pods Frameworks */,
				C7B79E3818BF00B0B9751EB9 /* [CP] Copy Pods Resources */,
			);
			buildRules = (
			);
			dependencies = (
				B7C9196C2034B24E00111DBE /* PBXTargetDependency */,
			);
			name = MovieDBTests;
			productName = MovieDBTests;
			productReference = B7C9196A2034B24E00111DBE /* MovieDBTests.xctest */;
			productType = "com.apple.product-type.bundle.unit-test";
		};
/* End PBXNativeTarget section */

/* Begin PBXProject section */
		B7C9194E2034B24E00111DBE /* Project object */ = {
			isa = PBXProject;
			attributes = {
				LastSwiftUpdateCheck = 0920;
				LastUpgradeCheck = 0920;
				ORGANIZATIONNAME = A.Kuzminskyi;
				TargetAttributes = {
					B7C919552034B24E00111DBE = {
						CreatedOnToolsVersion = 9.2;
						ProvisioningStyle = Automatic;
					};
					B7C919692034B24E00111DBE = {
						CreatedOnToolsVersion = 9.2;
						ProvisioningStyle = Automatic;
						TestTargetID = B7C919552034B24E00111DBE;
					};
				};
			};
			buildConfigurationList = B7C919512034B24E00111DBE /* Build configuration list for PBXProject "MovieDB" */;
			compatibilityVersion = "Xcode 8.0";
			developmentRegion = en;
			hasScannedForEncodings = 0;
			knownRegions = (
				en,
				Base,
			);
			mainGroup = B7C9194D2034B24E00111DBE;
			productRefGroup = B7C919572034B24E00111DBE /* Products */;
			projectDirPath = "";
			projectRoot = "";
			targets = (
				B7C919552034B24E00111DBE /* MovieDB */,
				B7C919692034B24E00111DBE /* MovieDBTests */,
			);
		};
/* End PBXProject section */

/* Begin PBXResourcesBuildPhase section */
		B7C919542034B24E00111DBE /* Resources */ = {
			isa = PBXResourcesBuildPhase;
			buildActionMask = 2147483647;
			files = (
				B7C919642034B24E00111DBE /* LaunchScreen.storyboard in Resources */,
				B7C919612034B24E00111DBE /* Assets.xcassets in Resources */,
				B7C81CED2038E4960012BF84 /* README.md in Resources */,
				B70AD6982039919D00E99E1B /* MovieCell.xib in Resources */,
				B7C9195F2034B24E00111DBE /* Main.storyboard in Resources */,
				B70AD68E20398C7500E99E1B /* Search.storyboard in Resources */,
			);
			runOnlyForDeploymentPostprocessing = 0;
		};
		B7C919682034B24E00111DBE /* Resources */ = {
			isa = PBXResourcesBuildPhase;
			buildActionMask = 2147483647;
			files = (
			);
			runOnlyForDeploymentPostprocessing = 0;
		};
/* End PBXResourcesBuildPhase section */

/* Begin PBXShellScriptBuildPhase section */
		2A8507C71A0771FFCB05864B /* [CP] Embed Pods Frameworks */ = {
			isa = PBXShellScriptBuildPhase;
			buildActionMask = 2147483647;
			files = (
			);
			inputPaths = (
				"${SRCROOT}/Pods/Target Support Files/Pods-MovieDB/Pods-MovieDB-frameworks.sh",
				"${BUILT_PRODUCTS_DIR}/Reusable/Reusable.framework",
			);
			name = "[CP] Embed Pods Frameworks";
			outputPaths = (
				"${TARGET_BUILD_DIR}/${FRAMEWORKS_FOLDER_PATH}/Reusable.framework",
			);
			runOnlyForDeploymentPostprocessing = 0;
			shellPath = /bin/sh;
			shellScript = "\"${SRCROOT}/Pods/Target Support Files/Pods-MovieDB/Pods-MovieDB-frameworks.sh\"\n";
			showEnvVarsInLog = 0;
		};
		352079CB34E176D49B2E03AC /* [CP] Embed Pods Frameworks */ = {
			isa = PBXShellScriptBuildPhase;
			buildActionMask = 2147483647;
			files = (
			);
			inputPaths = (
				"${SRCROOT}/Pods/Target Support Files/Pods-MovieDBTests/Pods-MovieDBTests-frameworks.sh",
				"${BUILT_PRODUCTS_DIR}/Nimble/Nimble.framework",
				"${BUILT_PRODUCTS_DIR}/Quick/Quick.framework",
			);
			name = "[CP] Embed Pods Frameworks";
			outputPaths = (
				"${TARGET_BUILD_DIR}/${FRAMEWORKS_FOLDER_PATH}/Nimble.framework",
				"${TARGET_BUILD_DIR}/${FRAMEWORKS_FOLDER_PATH}/Quick.framework",
			);
			runOnlyForDeploymentPostprocessing = 0;
			shellPath = /bin/sh;
			shellScript = "\"${SRCROOT}/Pods/Target Support Files/Pods-MovieDBTests/Pods-MovieDBTests-frameworks.sh\"\n";
			showEnvVarsInLog = 0;
		};
		6338E58C5504ED9B707BA709 /* [CP] Check Pods Manifest.lock */ = {
			isa = PBXShellScriptBuildPhase;
			buildActionMask = 2147483647;
			files = (
			);
			inputPaths = (
				"${PODS_PODFILE_DIR_PATH}/Podfile.lock",
				"${PODS_ROOT}/Manifest.lock",
			);
			name = "[CP] Check Pods Manifest.lock";
			outputPaths = (
				"$(DERIVED_FILE_DIR)/Pods-MovieDBTests-checkManifestLockResult.txt",
			);
			runOnlyForDeploymentPostprocessing = 0;
			shellPath = /bin/sh;
			shellScript = "diff \"${PODS_PODFILE_DIR_PATH}/Podfile.lock\" \"${PODS_ROOT}/Manifest.lock\" > /dev/null\nif [ $? != 0 ] ; then\n    # print error to STDERR\n    echo \"error: The sandbox is not in sync with the Podfile.lock. Run 'pod install' or update your CocoaPods installation.\" >&2\n    exit 1\nfi\n# This output is used by Xcode 'outputs' to avoid re-running this script phase.\necho \"SUCCESS\" > \"${SCRIPT_OUTPUT_FILE_0}\"\n";
			showEnvVarsInLog = 0;
		};
		69D5F71D7EF6FE1EC194D790 /* [CP] Check Pods Manifest.lock */ = {
			isa = PBXShellScriptBuildPhase;
			buildActionMask = 2147483647;
			files = (
			);
			inputPaths = (
				"${PODS_PODFILE_DIR_PATH}/Podfile.lock",
				"${PODS_ROOT}/Manifest.lock",
			);
			name = "[CP] Check Pods Manifest.lock";
			outputPaths = (
				"$(DERIVED_FILE_DIR)/Pods-MovieDB-checkManifestLockResult.txt",
			);
			runOnlyForDeploymentPostprocessing = 0;
			shellPath = /bin/sh;
			shellScript = "diff \"${PODS_PODFILE_DIR_PATH}/Podfile.lock\" \"${PODS_ROOT}/Manifest.lock\" > /dev/null\nif [ $? != 0 ] ; then\n    # print error to STDERR\n    echo \"error: The sandbox is not in sync with the Podfile.lock. Run 'pod install' or update your CocoaPods installation.\" >&2\n    exit 1\nfi\n# This output is used by Xcode 'outputs' to avoid re-running this script phase.\necho \"SUCCESS\" > \"${SCRIPT_OUTPUT_FILE_0}\"\n";
			showEnvVarsInLog = 0;
		};
		C7B79E3818BF00B0B9751EB9 /* [CP] Copy Pods Resources */ = {
			isa = PBXShellScriptBuildPhase;
			buildActionMask = 2147483647;
			files = (
			);
			inputPaths = (
			);
			name = "[CP] Copy Pods Resources";
			outputPaths = (
			);
			runOnlyForDeploymentPostprocessing = 0;
			shellPath = /bin/sh;
			shellScript = "\"${SRCROOT}/Pods/Target Support Files/Pods-MovieDBTests/Pods-MovieDBTests-resources.sh\"\n";
			showEnvVarsInLog = 0;
		};
		E7AE15A3E008A5B70F8FDADC /* [CP] Copy Pods Resources */ = {
			isa = PBXShellScriptBuildPhase;
			buildActionMask = 2147483647;
			files = (
			);
			inputPaths = (
			);
			name = "[CP] Copy Pods Resources";
			outputPaths = (
			);
			runOnlyForDeploymentPostprocessing = 0;
			shellPath = /bin/sh;
			shellScript = "\"${SRCROOT}/Pods/Target Support Files/Pods-MovieDB/Pods-MovieDB-resources.sh\"\n";
			showEnvVarsInLog = 0;
		};
/* End PBXShellScriptBuildPhase section */

/* Begin PBXSourcesBuildPhase section */
		B7C919522034B24E00111DBE /* Sources */ = {
			isa = PBXSourcesBuildPhase;
			buildActionMask = 2147483647;
			files = (
				B70AD6AB2039AC7900E99E1B /* Searchable.swift in Sources */,
				B7C919A42034C25600111DBE /* NetworkOperationable.swift in Sources */,
				B7C9199A2034BFAD00111DBE /* NetworkOperationCancalable.swift in Sources */,
				B7154B8A2038603500DACF64 /* RESTPaginatorNetworkRequest.swift in Sources */,
				B70AD69620398EE600E99E1B /* SearchViewModeling.swift in Sources */,
				B79221F7203A1B3F0054681E /* SearchViewModel+RESTPaginatorErrorDelegate .swift in Sources */,
				B7922206203A30AF0054681E /* ImageDownloadServicing.swift in Sources */,
				B7C919982034BEFF00111DBE /* NetworkProviding.swift in Sources */,
				B70AD69420398EB800E99E1B /* SearchViewModel.swift in Sources */,
				B71DB58920377074003608AC /* RESTPaginatorServicing.swift in Sources */,
				B7154B912038691900DACF64 /* JSONDecoder+Decoderable.swift in Sources */,
				B79221FF203A22940054681E /* RESTPaginatorService+RESTPaginatorItemLoadable.swift in Sources */,
				B7C81CE12038D09A0012BF84 /* RESTPaginatorLoaderable.swift in Sources */,
				B70AD6AF2039AD1700E99E1B /* ItemModelState.swift in Sources */,
				B7C24A782039886E00B52C6D /* RESTPaginatorErrorDelegate.swift in Sources */,
				B7922217203B47FF0054681E /* ApiPath.swift in Sources */,
				B7922211203B39180054681E /* ApiVersion.swift in Sources */,
				B792220D203B38AB0054681E /* ApiProviderable.swift in Sources */,
				B70AD6A52039A07300E99E1B /* SearchViewController+UITableViewDataSource.swift in Sources */,
				B79221FD203A1D400054681E /* SearchViewModel+SearchViewModelingDataSource.swift in Sources */,
				B7C9195C2034B24E00111DBE /* ViewController.swift in Sources */,
				B7C919962034BE3A00111DBE /* NetworkServiceError.swift in Sources */,
				B792220F203B38CB0054681E /* ApiProvider.swift in Sources */,
				B7C9198E2034BC9B00111DBE /* NetworkRequesting.swift in Sources */,
				B792220A203A36BF0054681E /* SearchViewController+UITableViewDelegate.swift in Sources */,
				B70AD69B2039966E00E99E1B /* MovieCell.swift in Sources */,
				B71DB58B203770EF003608AC /* RESTPaginatorService.swift in Sources */,
				B7C81CE62038D5170012BF84 /* RESTPaginatorLoaderError.swift in Sources */,
				B791C4382039E50800AB62AA /* Date+CustomFormatters.swift in Sources */,
				B79221FB203A1BCB0054681E /* SearchViewModel+SearchViewModeling.swift in Sources */,
				B7C919932034BD0C00111DBE /* Results.swift in Sources */,
				B7C919AA2034E3AD00111DBE /* Result+Equatable.swift in Sources */,
				B7C919A22034C1A500111DBE /* NetworkOperationResumable.swift in Sources */,
				B7154B99203880A800DACF64 /* URL+NetworkRequesting.swift in Sources */,
				B70AD68820398BB600E99E1B /* URLSessionDataTask+NetworkOperationable.swift in Sources */,
				B7C9198C2034BC6900111DBE /* NetworkServicing.swift in Sources */,
				B71DB58D203772B0003608AC /* RESTPaginatorDelegate.swift in Sources */,
				B7C9198A2034BC4F00111DBE /* NetworkService.swift in Sources */,
				B7154B872038536200DACF64 /* RESTPaginatorResponsable.swift in Sources */,
				B7922215203B42610054681E /* ImageSize.swift in Sources */,
				B7922208203A30CF0054681E /* ImageDownloadService.swift in Sources */,
				B7154B942038726800DACF64 /* RESTPaginatorResponse+Decodable.swift in Sources */,
				B70AD6A32039A04900E99E1B /* MovieCell+NibReusable .swift in Sources */,
				B71DB59520384F57003608AC /* RESTPaginatorItemLoadable.swift in Sources */,
				B7C81CEB2038E33F0012BF84 /* RESTPaginatorLoader+RESTPaginatorLoaderable.swift in Sources */,
				B7C81CE32038D0BE0012BF84 /* RESTPaginatorLoader.swift in Sources */,
				B70AD6A92039A4CC00E99E1B /* MovieViewModel+MovieViewModeling.swift in Sources */,
				B7922201203A2BA00054681E /* SearchViewModelingDataSource.swift in Sources */,
				B70AD69F203996BA00E99E1B /* MovieViewModeling.swift in Sources */,
				B70AD69D203996AF00E99E1B /* MovieViewModel.swift in Sources */,
				B71DB59320384F12003608AC /* RESTPaginatorError.swift in Sources */,
				B7154B8F203868CE00DACF64 /* XMLDecoder.swift in Sources */,
				B7C24A732038F84400B52C6D /* Array+RESTPaginatorNetworkRequestable.swift in Sources */,
				B7154B8D203868AF00DACF64 /* Decoderable.swift in Sources */,
				B70AD6A72039A09000E99E1B /* SearchViewController+UITableViewDataSourcePrefetching.swift in Sources */,
				B70AD69220398E8800E99E1B /* SearchViewController.swift in Sources */,
				B79221F9203A1B9C0054681E /* SearchViewModel+RESTPaginatorDelegate.swift in Sources */,
				B70AD6AD2039ACEC00E99E1B /* SearchViewModel+Searchable.swift in Sources */,
				B7154B9D2038919E00DACF64 /* RESTPaginatorNetworkRequestable.swift in Sources */,
				B70AD68720398BB600E99E1B /* URLSession+NetworkProviding.swift in Sources */,
				B71DB58F203776A3003608AC /* RESTPaginatorServiceConfiguration.swift in Sources */,
				B7922203203A2F420054681E /* SearchViewController+UISearchBarDelegate.swift in Sources */,
				B7154B842038523200DACF64 /* RESTPaginatorResponse.swift in Sources */,
				B7C9195A2034B24E00111DBE /* AppDelegate.swift in Sources */,
			);
			runOnlyForDeploymentPostprocessing = 0;
		};
		B7C919662034B24E00111DBE /* Sources */ = {
			isa = PBXSourcesBuildPhase;
			buildActionMask = 2147483647;
			files = (
				B7666C092038EEDC0002C06D /* RESTPaginatorLoaderSpec.swift in Sources */,
				B7C9196F2034B24E00111DBE /* MovieDBTests.swift in Sources */,
				B7154B9B203890F000DACF64 /* RESTPaginatorNetworkRequestSpec.swift in Sources */,
				B7154B962038777800DACF64 /* RESTPaginatorResponseSpec.swift in Sources */,
				B7922213203B396D0054681E /* ApiProviderSpec.swift in Sources */,
				B7C919A62034C5D500111DBE /* NetworkServiceSpec.swift in Sources */,
				B7C24A762039763C00B52C6D /* MockedNetworkProvider.swift in Sources */,
			);
			runOnlyForDeploymentPostprocessing = 0;
		};
/* End PBXSourcesBuildPhase section */

/* Begin PBXTargetDependency section */
		B7C9196C2034B24E00111DBE /* PBXTargetDependency */ = {
			isa = PBXTargetDependency;
			target = B7C919552034B24E00111DBE /* MovieDB */;
			targetProxy = B7C9196B2034B24E00111DBE /* PBXContainerItemProxy */;
		};
/* End PBXTargetDependency section */

/* Begin PBXVariantGroup section */
		B7C9195D2034B24E00111DBE /* Main.storyboard */ = {
			isa = PBXVariantGroup;
			children = (
				B7C9195E2034B24E00111DBE /* Base */,
			);
			name = Main.storyboard;
			sourceTree = "<group>";
		};
		B7C919622034B24E00111DBE /* LaunchScreen.storyboard */ = {
			isa = PBXVariantGroup;
			children = (
				B7C919632034B24E00111DBE /* Base */,
			);
			name = LaunchScreen.storyboard;
			sourceTree = "<group>";
		};
/* End PBXVariantGroup section */

/* Begin XCBuildConfiguration section */
		B7C9197C2034B24E00111DBE /* Debug */ = {
			isa = XCBuildConfiguration;
			buildSettings = {
				ALWAYS_SEARCH_USER_PATHS = NO;
				CLANG_ANALYZER_NONNULL = YES;
				CLANG_ANALYZER_NUMBER_OBJECT_CONVERSION = YES_AGGRESSIVE;
				CLANG_CXX_LANGUAGE_STANDARD = "gnu++14";
				CLANG_CXX_LIBRARY = "libc++";
				CLANG_ENABLE_MODULES = YES;
				CLANG_ENABLE_OBJC_ARC = YES;
				CLANG_WARN_BLOCK_CAPTURE_AUTORELEASING = YES;
				CLANG_WARN_BOOL_CONVERSION = YES;
				CLANG_WARN_COMMA = YES;
				CLANG_WARN_CONSTANT_CONVERSION = YES;
				CLANG_WARN_DIRECT_OBJC_ISA_USAGE = YES_ERROR;
				CLANG_WARN_DOCUMENTATION_COMMENTS = YES;
				CLANG_WARN_EMPTY_BODY = YES;
				CLANG_WARN_ENUM_CONVERSION = YES;
				CLANG_WARN_INFINITE_RECURSION = YES;
				CLANG_WARN_INT_CONVERSION = YES;
				CLANG_WARN_NON_LITERAL_NULL_CONVERSION = YES;
				CLANG_WARN_OBJC_LITERAL_CONVERSION = YES;
				CLANG_WARN_OBJC_ROOT_CLASS = YES_ERROR;
				CLANG_WARN_RANGE_LOOP_ANALYSIS = YES;
				CLANG_WARN_STRICT_PROTOTYPES = YES;
				CLANG_WARN_SUSPICIOUS_MOVE = YES;
				CLANG_WARN_UNGUARDED_AVAILABILITY = YES_AGGRESSIVE;
				CLANG_WARN_UNREACHABLE_CODE = YES;
				CLANG_WARN__DUPLICATE_METHOD_MATCH = YES;
				CODE_SIGN_IDENTITY = "iPhone Developer";
				COPY_PHASE_STRIP = NO;
				DEBUG_INFORMATION_FORMAT = dwarf;
				ENABLE_STRICT_OBJC_MSGSEND = YES;
				ENABLE_TESTABILITY = YES;
				GCC_C_LANGUAGE_STANDARD = gnu11;
				GCC_DYNAMIC_NO_PIC = NO;
				GCC_NO_COMMON_BLOCKS = YES;
				GCC_OPTIMIZATION_LEVEL = 0;
				GCC_PREPROCESSOR_DEFINITIONS = (
					"DEBUG=1",
					"$(inherited)",
				);
				GCC_WARN_64_TO_32_BIT_CONVERSION = YES;
				GCC_WARN_ABOUT_RETURN_TYPE = YES_ERROR;
				GCC_WARN_UNDECLARED_SELECTOR = YES;
				GCC_WARN_UNINITIALIZED_AUTOS = YES_AGGRESSIVE;
				GCC_WARN_UNUSED_FUNCTION = YES;
				GCC_WARN_UNUSED_VARIABLE = YES;
				IPHONEOS_DEPLOYMENT_TARGET = 10.0;
				MTL_ENABLE_DEBUG_INFO = YES;
				ONLY_ACTIVE_ARCH = YES;
				SDKROOT = iphoneos;
				SWIFT_ACTIVE_COMPILATION_CONDITIONS = DEBUG;
				SWIFT_OPTIMIZATION_LEVEL = "-Onone";
			};
			name = Debug;
		};
		B7C9197D2034B24E00111DBE /* Release */ = {
			isa = XCBuildConfiguration;
			buildSettings = {
				ALWAYS_SEARCH_USER_PATHS = NO;
				CLANG_ANALYZER_NONNULL = YES;
				CLANG_ANALYZER_NUMBER_OBJECT_CONVERSION = YES_AGGRESSIVE;
				CLANG_CXX_LANGUAGE_STANDARD = "gnu++14";
				CLANG_CXX_LIBRARY = "libc++";
				CLANG_ENABLE_MODULES = YES;
				CLANG_ENABLE_OBJC_ARC = YES;
				CLANG_WARN_BLOCK_CAPTURE_AUTORELEASING = YES;
				CLANG_WARN_BOOL_CONVERSION = YES;
				CLANG_WARN_COMMA = YES;
				CLANG_WARN_CONSTANT_CONVERSION = YES;
				CLANG_WARN_DIRECT_OBJC_ISA_USAGE = YES_ERROR;
				CLANG_WARN_DOCUMENTATION_COMMENTS = YES;
				CLANG_WARN_EMPTY_BODY = YES;
				CLANG_WARN_ENUM_CONVERSION = YES;
				CLANG_WARN_INFINITE_RECURSION = YES;
				CLANG_WARN_INT_CONVERSION = YES;
				CLANG_WARN_NON_LITERAL_NULL_CONVERSION = YES;
				CLANG_WARN_OBJC_LITERAL_CONVERSION = YES;
				CLANG_WARN_OBJC_ROOT_CLASS = YES_ERROR;
				CLANG_WARN_RANGE_LOOP_ANALYSIS = YES;
				CLANG_WARN_STRICT_PROTOTYPES = YES;
				CLANG_WARN_SUSPICIOUS_MOVE = YES;
				CLANG_WARN_UNGUARDED_AVAILABILITY = YES_AGGRESSIVE;
				CLANG_WARN_UNREACHABLE_CODE = YES;
				CLANG_WARN__DUPLICATE_METHOD_MATCH = YES;
				CODE_SIGN_IDENTITY = "iPhone Developer";
				COPY_PHASE_STRIP = NO;
				DEBUG_INFORMATION_FORMAT = "dwarf-with-dsym";
				ENABLE_NS_ASSERTIONS = NO;
				ENABLE_STRICT_OBJC_MSGSEND = YES;
				GCC_C_LANGUAGE_STANDARD = gnu11;
				GCC_NO_COMMON_BLOCKS = YES;
				GCC_WARN_64_TO_32_BIT_CONVERSION = YES;
				GCC_WARN_ABOUT_RETURN_TYPE = YES_ERROR;
				GCC_WARN_UNDECLARED_SELECTOR = YES;
				GCC_WARN_UNINITIALIZED_AUTOS = YES_AGGRESSIVE;
				GCC_WARN_UNUSED_FUNCTION = YES;
				GCC_WARN_UNUSED_VARIABLE = YES;
				IPHONEOS_DEPLOYMENT_TARGET = 10.0;
				MTL_ENABLE_DEBUG_INFO = NO;
				SDKROOT = iphoneos;
				SWIFT_OPTIMIZATION_LEVEL = "-Owholemodule";
				VALIDATE_PRODUCT = YES;
			};
			name = Release;
		};
		B7C9197F2034B24E00111DBE /* Debug */ = {
			isa = XCBuildConfiguration;
			baseConfigurationReference = 9C41A5E334476814FABAF535 /* Pods-MovieDB.debug.xcconfig */;
			buildSettings = {
				ASSETCATALOG_COMPILER_APPICON_NAME = AppIcon;
				CODE_SIGN_STYLE = Automatic;
				DEVELOPMENT_TEAM = H2M6RZ43DE;
				INFOPLIST_FILE = MovieDB/Info.plist;
				IPHONEOS_DEPLOYMENT_TARGET = 10.0;
				LD_RUNPATH_SEARCH_PATHS = "$(inherited) @executable_path/Frameworks";
				PRODUCT_BUNDLE_IDENTIFIER = com.akuzminskyi.MovieDB;
				PRODUCT_NAME = "$(TARGET_NAME)";
				SWIFT_VERSION = 4.0;
				TARGETED_DEVICE_FAMILY = "1,2";
			};
			name = Debug;
		};
		B7C919802034B24E00111DBE /* Release */ = {
			isa = XCBuildConfiguration;
			baseConfigurationReference = 8C9C6ABF9EA5DE0CA5548F13 /* Pods-MovieDB.release.xcconfig */;
			buildSettings = {
				ASSETCATALOG_COMPILER_APPICON_NAME = AppIcon;
				CODE_SIGN_STYLE = Automatic;
				DEVELOPMENT_TEAM = H2M6RZ43DE;
				INFOPLIST_FILE = MovieDB/Info.plist;
				IPHONEOS_DEPLOYMENT_TARGET = 10.0;
				LD_RUNPATH_SEARCH_PATHS = "$(inherited) @executable_path/Frameworks";
				PRODUCT_BUNDLE_IDENTIFIER = com.akuzminskyi.MovieDB;
				PRODUCT_NAME = "$(TARGET_NAME)";
				SWIFT_VERSION = 4.0;
				TARGETED_DEVICE_FAMILY = "1,2";
			};
			name = Release;
		};
		B7C919822034B24E00111DBE /* Debug */ = {
			isa = XCBuildConfiguration;
			baseConfigurationReference = 9F3B810D618CAF362F0F2701 /* Pods-MovieDBTests.debug.xcconfig */;
			buildSettings = {
				ALWAYS_EMBED_SWIFT_STANDARD_LIBRARIES = "$(inherited)";
				BUNDLE_LOADER = "$(TEST_HOST)";
				CODE_SIGN_STYLE = Automatic;
				DEVELOPMENT_TEAM = H2M6RZ43DE;
				INFOPLIST_FILE = MovieDBTests/Info.plist;
				LD_RUNPATH_SEARCH_PATHS = "$(inherited) @executable_path/Frameworks @loader_path/Frameworks";
				PRODUCT_BUNDLE_IDENTIFIER = com.akuzminskyi.MovieDBTests;
				PRODUCT_NAME = "$(TARGET_NAME)";
				SWIFT_VERSION = 4.0;
				TARGETED_DEVICE_FAMILY = "1,2";
				TEST_HOST = "$(BUILT_PRODUCTS_DIR)/MovieDB.app/MovieDB";
			};
			name = Debug;
		};
		B7C919832034B24E00111DBE /* Release */ = {
			isa = XCBuildConfiguration;
			baseConfigurationReference = C77A654721436C900D1A33FA /* Pods-MovieDBTests.release.xcconfig */;
			buildSettings = {
				ALWAYS_EMBED_SWIFT_STANDARD_LIBRARIES = "$(inherited)";
				BUNDLE_LOADER = "$(TEST_HOST)";
				CODE_SIGN_STYLE = Automatic;
				DEVELOPMENT_TEAM = H2M6RZ43DE;
				INFOPLIST_FILE = MovieDBTests/Info.plist;
				LD_RUNPATH_SEARCH_PATHS = "$(inherited) @executable_path/Frameworks @loader_path/Frameworks";
				PRODUCT_BUNDLE_IDENTIFIER = com.akuzminskyi.MovieDBTests;
				PRODUCT_NAME = "$(TARGET_NAME)";
				SWIFT_VERSION = 4.0;
				TARGETED_DEVICE_FAMILY = "1,2";
				TEST_HOST = "$(BUILT_PRODUCTS_DIR)/MovieDB.app/MovieDB";
			};
			name = Release;
		};
/* End XCBuildConfiguration section */

/* Begin XCConfigurationList section */
		B7C919512034B24E00111DBE /* Build configuration list for PBXProject "MovieDB" */ = {
			isa = XCConfigurationList;
			buildConfigurations = (
				B7C9197C2034B24E00111DBE /* Debug */,
				B7C9197D2034B24E00111DBE /* Release */,
			);
			defaultConfigurationIsVisible = 0;
			defaultConfigurationName = Release;
		};
		B7C9197E2034B24E00111DBE /* Build configuration list for PBXNativeTarget "MovieDB" */ = {
			isa = XCConfigurationList;
			buildConfigurations = (
				B7C9197F2034B24E00111DBE /* Debug */,
				B7C919802034B24E00111DBE /* Release */,
			);
			defaultConfigurationIsVisible = 0;
			defaultConfigurationName = Release;
		};
		B7C919812034B24E00111DBE /* Build configuration list for PBXNativeTarget "MovieDBTests" */ = {
			isa = XCConfigurationList;
			buildConfigurations = (
				B7C919822034B24E00111DBE /* Debug */,
				B7C919832034B24E00111DBE /* Release */,
			);
			defaultConfigurationIsVisible = 0;
			defaultConfigurationName = Release;
		};
/* End XCConfigurationList section */
	};
	rootObject = B7C9194E2034B24E00111DBE /* Project object */;
}
